github.com/eapache/queue v1.1.0 h1:YOEu7KNc61ntiQlcEeUIoDTJ2o8mQznoNvUhiigpIqc=
github.com/eapache/queue v1.1.0/go.mod h1:6eCeP0CKFpHLu8blIFXhExK/dRa7WDZfr6jVFPTqq+I=
github.com/eclipse/paho.mqtt.golang v1.3.4 h1:/sS2PA+PgomTO1bfJSDJncox+U7X5Boa3AfhEywYdgI=
github.com/eclipse/paho.mqtt.golang v1.3.4/go.mod h1:eTzb4gxwwyWpqBUHGQZ4ABAV7+Jgm1PklsYT/eo8Hcc=
github.com/golang/glog v0.0.0-20210429001901-424d2337a529 h1:2voWjNECnrZRbfwXxHB1/j8wa6xdKn85B5NzgVL/pTU=
github.com/golang/glog v0.0.0-20210429001901-424d2337a529/go.mod h1:SBH7ygxi8pfUlaOkMMuAQtPIUF8ecWP5IEl/CR7VP2Q=
github.com/gorilla/websocket v1.4.2 h1:+/TMaTYc4QFitKJxsQ7Yye35DkWvkdLcvGKqM+x0Ufc=
github.com/gorilla/websocket v1.4.2/go.mod h1:YR8l580nyteQvAITg2hZ9XVh4b55+EU/adAjf1fMHhE=
github.com/kierdavis/ihex-go v0.0.0-20180105024510-bf28f2206797 h1:W3pEj5EglEQLUAMwE6PBm3Y1DZapp7AOsSeHeDZnTwI=
github.com/kierdavis/ihex-go v0.0.0-20180105024510-bf28f2206797/go.mod h1:XCg/J3R8D3GZvAYjJx0Q6R9OzF+fUgzYHu2exysdiIE=
github.com/silkeh/senml v0.0.0-20210422111947-b6df6a0d383f h1:D7YwmIwoyrmerpoRAK/5lXaDPMHVXsS8le3d7d1GMws=
github.com/silkeh/senml v0.0.0-20210422111947-b6df6a0d383f/go.mod h1:PHbVQjRN6EbAOuhFmU7eGob6lGWXxQhIqILsOHMjeZI=
github.com/ugorji/go v1.2.4 h1:cTciPbZ/VSOzCLKclmssnfQ/jyoVyOcJ3aoJyUV1Urc=
github.com/ugorji/go v1.2.4/go.mod h1:EuaSCk8iZMdIspsu6HXH7X2UGKw1ezO4wCfGszGmmo4=
github.com/ugorji/go/codec v1.2.4 h1:C5VurWRRCKjuENsbM6GYVw8W++WVW9rSxoACKIvxzz8=
github.com/ugorji/go/codec v1.2.4/go.mod h1:bWBu1+kIRWcF8uMklKaJrR6fTWQOwAlrIzX22pHwryA=
golang.org/x/crypto v0.0.0-20190308221718-c2843e01d9a2/go.mod h1:djNgcEr1/C05ACkg1iLfiJU5Ep61QUkGW8qpdssI0+w=
golang.org/x/net v0.0.0-20200425230154-ff2c4b7c35a0 h1:Jcxah/M+oLZ/R4/z5RzfPzGbPXnVDPkEDtf2JnuxN+U=
golang.org/x/net v0.0.0-20200425230154-ff2c4b7c35a0/go.mod h1:qpuaurCH72eLCgpAm/N6yyVIVM9cpaDIP3A8BGJEC5A=
golang.org/x/sys v0.0.0-20190215142949-d0b11bdaac8a/go.mod h1:STP8DvDyc/dI5b8T5hshtkjS+E42TnysNCUPdjciGhY=
golang.org/x/sys v0.0.0-20200323222414-85ca7c5b95cd/go.mod h1:h1NjWce9XRLGQEsW7wpKNCjG9DtNlClVuFLEZdDNbEs=
golang.org/x/text v0.3.0/go.mod h1:NqM8EUOU14njkJ3fqMW+pc6Ldnwhi/IjpwHt7yyuwOQ=
gopkg.in/bsm/ratelimit.v1 v1.0.0-20160220154919-db14e161995a h1:stTHdEoWg1pQ8riaP5ROrjS6zy6wewH/Q2iwnLCQUXY=
gopkg.in/bsm/ratelimit.v1 v1.0.0-20160220154919-db14e161995a/go.mod h1:KF9sEfUPAXdG8Oev9e99iLGnl2uJMjc5B+4y3O7x610=
gopkg.in/eapache/channels.v1 v1.1.0 h1:5bGAyKKvyCTWjSj7mhefG6Lc68VyN4MH1v8/7OoeeB4=
gopkg.in/eapache/channels.v1 v1.1.0/go.mod h1:BHIBujSvu9yMTrTYbTCjDD43gUhtmaOtTWDe7sTv1js=
gopkg.in/redis.v3 v3.6.4 h1:u7XgPH1rWwsdZnR+azldXC6x9qDU2luydOIeU/l52fE=
gopkg.in/redis.v3 v3.6.4/go.mod h1:6XeGv/CrsUFDU9aVbUdNykN7k1zVmoeg83KC9RbQfiU=
